
Microsoft Visual Studio Solution File, Format Version 12.00
# Visual Studio Version 17
VisualStudioVersion = 17.6.33829.357
MinimumVisualStudioVersion = 10.0.40219.1
Project("{FAE04EC0-301F-11D3-BF4B-00C04F79EFBC}") = "bilgiyarismasi", "bilgiyarismasi\bilgiyarismasi.csproj", "{0FE7EFE7-887D-4B18-840E-514E495BA637}"
EndProject
Global
	GlobalSection(SolutionConfigurationPlatforms) = preSolution
		Debug|Any CPU = Debug|Any CPU
		Release|Any CPU = Release|Any CPU
	EndGlobalSection
	GlobalSection(ProjectConfigurationPlatforms) = postSolution
		{0FE7EFE7-887D-4B18-840E-514E495BA637}.Debug|Any CPU.ActiveCfg = Debug|Any CPU
		{0FE7EFE7-887D-4B18-840E-514E495BA637}.Debug|Any CPU.Build.0 = Debug|Any CPU
		{0FE7EFE7-887D-4B18-840E-514E495BA637}.Release|Any CPU.ActiveCfg = Release|Any CPU
		{0FE7EFE7-887D-4B18-840E-514E495BA637}.Release|Any CPU.Build.0 = Release|Any CPU
	EndGlobalSection
	GlobalSection(SolutionProperties) = preSolution
		HideSolutionNode = FALSE
	EndGlobalSection
	GlobalSection(ExtensibilityGlobals) = postSolution
		SolutionGuid = {0B561490-2AB0-41E7-9729-8F2C237ABA60}
	EndGlobalSection
EndGlobal
